// !$*UTF8*$!
{
	archiveVersion = 1;
	classes = {
	};
	objectVersion = 50;
	objects = {

/* Begin PBXBuildFile section */
		EAB34783232F87AE00A47759 /* main.cpp in Sources */ = {isa = PBXBuildFile; fileRef = EAB34782232F87AE00A47759 /* main.cpp */; };
/* End PBXBuildFile section */

/* Begin PBXFileReference section */
		EAB3477F232F87AE00A47759 /* ImgDistort */ = {isa = PBXFileReference; explicitFileType = "compiled.mach-o.executable"; includeInIndex = 0; path = ImgDistort; sourceTree = BUILT_PRODUCTS_DIR; };
		EAB34782232F87AE00A47759 /* main.cpp */ = {isa = PBXFileReference; lastKnownFileType = sourcecode.cpp.cpp; path = main.cpp; sourceTree = "<group>"; };
		EAB34785232F87AE00A47759 /* cute_image.jpg */ = {isa = PBXFileReference; lastKnownFileType = image.jpeg; path = cute_image.jpg; sourceTree = "<group>"; };
		EAB34786232F87AE00A47759 /* nice_music.ogg */ = {isa = PBXFileReference; lastKnownFileType = file; path = nice_music.ogg; sourceTree = "<group>"; };
		EAB34787232F87AE00A47759 /* sansation.ttf */ = {isa = PBXFileReference; lastKnownFileType = file; path = sansation.ttf; sourceTree = "<group>"; };
		EAB34788232F87AE00A47759 /* icon.png */ = {isa = PBXFileReference; lastKnownFileType = image.png; path = icon.png; sourceTree = "<group>"; };
		EAB3478E232F87EC00A47759 /* mona_lisa.jpg */ = {isa = PBXFileReference; lastKnownFileType = image.jpeg; name = mona_lisa.jpg; path = ../../../flash/imgDistortion/mona_lisa.jpg; sourceTree = "<group>"; };
/* End PBXFileReference section */

/* Begin PBXFrameworksBuildPhase section */
		EAB3477D232F87AE00A47759 /* Frameworks */ = {
			isa = PBXFrameworksBuildPhase;
			buildActionMask = 2147483647;
			files = (
			);
			runOnlyForDeploymentPostprocessing = 0;
		};
/* End PBXFrameworksBuildPhase section */

/* Begin PBXGroup section */
		EAB34777232F87AE00A47759 = {
			isa = PBXGroup;
			children = (
				EAB34781232F87AE00A47759 /* ImgDistort */,
				EAB34780232F87AE00A47759 /* Products */,
			);
			sourceTree = "<group>";
		};
		EAB34780232F87AE00A47759 /* Products */ = {
			isa = PBXGroup;
			children = (
				EAB3477F232F87AE00A47759 /* ImgDistort */,
			);
			name = Products;
			sourceTree = "<group>";
		};
		EAB34781232F87AE00A47759 /* ImgDistort */ = {
			isa = PBXGroup;
			children = (
				EAB34782232F87AE00A47759 /* main.cpp */,
				EAB34784232F87AE00A47759 /* Resources */,
			);
			path = ImgDistort;
			sourceTree = "<group>";
		};
		EAB34784232F87AE00A47759 /* Resources */ = {
			isa = PBXGroup;
			children = (
				EAB3478E232F87EC00A47759 /* mona_lisa.jpg */,
				EAB34785232F87AE00A47759 /* cute_image.jpg */,
				EAB34786232F87AE00A47759 /* nice_music.ogg */,
				EAB34787232F87AE00A47759 /* sansation.ttf */,
				EAB34788232F87AE00A47759 /* icon.png */,
			);
			name = Resources;
			sourceTree = "<group>";
		};
/* End PBXGroup section */

/* Begin PBXNativeTarget section */
		EAB3477E232F87AE00A47759 /* ImgDistort */ = {
			isa = PBXNativeTarget;
			buildConfigurationList = EAB3478B232F87AE00A47759 /* Build configuration list for PBXNativeTarget "ImgDistort" */;
			buildPhases = (
				EAB3477C232F87AE00A47759 /* Sources */,
				EAB3477D232F87AE00A47759 /* Frameworks */,
			);
			buildRules = (
			);
			dependencies = (
			);
			name = ImgDistort;
			productName = ImgDistort;
			productReference = EAB3477F232F87AE00A47759 /* ImgDistort */;
			productType = "com.apple.product-type.tool";
		};
/* End PBXNativeTarget section */

/* Begin PBXProject section */
		EAB34778232F87AE00A47759 /* Project object */ = {
			isa = PBXProject;
			attributes = {
				LastUpgradeCheck = 1030;
				ORGANIZATIONNAME = "PlayStudios Israel";
				TargetAttributes = {
					EAB3477E232F87AE00A47759 = {
						CreatedOnToolsVersion = 10.3;
					};
				};
			};
			buildConfigurationList = EAB3477B232F87AE00A47759 /* Build configuration list for PBXProject "ImgDistort" */;
			compatibilityVersion = "Xcode 9.3";
			developmentRegion = en;
			hasScannedForEncodings = 0;
			knownRegions = (
				en,
			);
			mainGroup = EAB34777232F87AE00A47759;
			productRefGroup = EAB34780232F87AE00A47759 /* Products */;
			projectDirPath = "";
			projectRoot = "";
			targets = (
				EAB3477E232F87AE00A47759 /* ImgDistort */,
			);
		};
/* End PBXProject section */

/* Begin PBXSourcesBuildPhase section */
		EAB3477C232F87AE00A47759 /* Sources */ = {
			isa = PBXSourcesBuildPhase;
			buildActionMask = 2147483647;
			files = (
				EAB34783232F87AE00A47759 /* main.cpp in Sources */,
			);
			runOnlyForDeploymentPostprocessing = 0;
		};
/* End PBXSourcesBuildPhase section */

/* Begin XCBuildConfiguration section */
		EAB34789232F87AE00A47759 /* Debug */ = {
			isa = XCBuildConfiguration;
			buildSettings = {
				ARCHS = "$(NATIVE_ARCH_ACTUAL)";
				CLANG_CXX_LANGUAGE_STANDARD = "c++11";
				CLANG_CXX_LIBRARY = "libc++";
				FRAMEWORK_SEARCH_PATHS = (
					/Library/Frameworks/,
					"$(inherited)",
				);
				GCC_VERSION = com.apple.compilers.llvm.clang.1_0;
				HEADER_SEARCH_PATHS = (
					/usr/local/include/,
					"$(inherited)",
				);
				LIBRARY_SEARCH_PATHS = (
					/usr/local/lib/,
					"$(inherited)",
				);
				MACOSX_DEPLOYMENT_TARGET = 10.7;
				OTHER_LDFLAGS = (
					"$(inherited)",
					"$(SFML_SYSTEM)",
					"$(SFML_WINDOW)",
					"$(SFML_GRAPHICS)",
					"$(SFML_AUDIO)",
					"$(SFML_NETWORK)",
				);
				SFML_AUDIO = "$(SFML_LINK_PREFIX) sfml-audio$(SFML_LINK_SUFFIX)";
				SFML_BINARY_TYPE = FRAMEWORKS;
				SFML_GRAPHICS = "$(SFML_LINK_PREFIX) sfml-graphics$(SFML_LINK_SUFFIX)";
				SFML_LINK_DYLIBS_PREFIX = "-l";
				SFML_LINK_DYLIBS_SUFFIX = "";
				SFML_LINK_FRAMEWORKS_PREFIX = "-framework";
				SFML_LINK_FRAMEWORKS_SUFFIX = "";
				SFML_LINK_PREFIX = "$(SFML_LINK_$(SFML_BINARY_TYPE)_PREFIX)";
				SFML_LINK_SUFFIX = "$(SFML_LINK_$(SFML_BINARY_TYPE)_SUFFIX)";
				SFML_NETWORK = "$(SFML_LINK_PREFIX) sfml-network$(SFML_LINK_SUFFIX)";
				SFML_SYSTEM = "$(SFML_LINK_PREFIX) sfml-system$(SFML_LINK_SUFFIX)";
				SFML_WINDOW = "$(SFML_LINK_PREFIX) sfml-window$(SFML_LINK_SUFFIX)";
				SUPPORTED_PLATFORMS = macosx;
			};
			name = Debug;
		};
		EAB3478A232F87AE00A47759 /* Release */ = {
			isa = XCBuildConfiguration;
			buildSettings = {
				ARCHS = "$(NATIVE_ARCH_ACTUAL)";
				CLANG_CXX_LANGUAGE_STANDARD = "c++11";
				CLANG_CXX_LIBRARY = "libc++";
				FRAMEWORK_SEARCH_PATHS = (
					/Library/Frameworks/,
					"$(inherited)",
				);
				GCC_VERSION = com.apple.compilers.llvm.clang.1_0;
				HEADER_SEARCH_PATHS = (
					/usr/local/include/,
					"$(inherited)",
				);
				LIBRARY_SEARCH_PATHS = (
					/usr/local/lib/,
					"$(inherited)",
				);
				MACOSX_DEPLOYMENT_TARGET = 10.7;
				OTHER_LDFLAGS = (
					"$(inherited)",
					"$(SFML_SYSTEM)",
					"$(SFML_WINDOW)",
					"$(SFML_GRAPHICS)",
					"$(SFML_AUDIO)",
					"$(SFML_NETWORK)",
				);
				SFML_AUDIO = "$(SFML_LINK_PREFIX) sfml-audio$(SFML_LINK_SUFFIX)";
				SFML_BINARY_TYPE = FRAMEWORKS;
				SFML_GRAPHICS = "$(SFML_LINK_PREFIX) sfml-graphics$(SFML_LINK_SUFFIX)";
				SFML_LINK_DYLIBS_PREFIX = "-l";
				SFML_LINK_DYLIBS_SUFFIX = "";
				SFML_LINK_FRAMEWORKS_PREFIX = "-framework";
				SFML_LINK_FRAMEWORKS_SUFFIX = "";
				SFML_LINK_PREFIX = "$(SFML_LINK_$(SFML_BINARY_TYPE)_PREFIX)";
				SFML_LINK_SUFFIX = "$(SFML_LINK_$(SFML_BINARY_TYPE)_SUFFIX)";
				SFML_NETWORK = "$(SFML_LINK_PREFIX) sfml-network$(SFML_LINK_SUFFIX)";
				SFML_SYSTEM = "$(SFML_LINK_PREFIX) sfml-system$(SFML_LINK_SUFFIX)";
				SFML_WINDOW = "$(SFML_LINK_PREFIX) sfml-window$(SFML_LINK_SUFFIX)";
				SUPPORTED_PLATFORMS = macosx;
			};
			name = Release;
		};
		EAB3478C232F87AE00A47759 /* Debug */ = {
			isa = XCBuildConfiguration;
			buildSettings = {
				CODE_SIGN_STYLE = Automatic;
				DEVELOPMENT_TEAM = LMBKGF3CRJ;
				PRODUCT_NAME = "$(TARGET_NAME)";
			};
			name = Debug;
		};
		EAB3478D232F87AE00A47759 /* Release */ = {
			isa = XCBuildConfiguration;
			buildSettings = {
				CODE_SIGN_STYLE = Automatic;
				DEVELOPMENT_TEAM = LMBKGF3CRJ;
				PRODUCT_NAME = "$(TARGET_NAME)";
			};
			name = Release;
		};
/* End XCBuildConfiguration section */

/* Begin XCConfigurationList section */
		EAB3477B232F87AE00A47759 /* Build configuration list for PBXProject "ImgDistort" */ = {
			isa = XCConfigurationList;
			buildConfigurations = (
				EAB34789232F87AE00A47759 /* Debug */,
				EAB3478A232F87AE00A47759 /* Release */,
			);
			defaultConfigurationIsVisible = 0;
			defaultConfigurationName = Release;
		};
		EAB3478B232F87AE00A47759 /* Build configuration list for PBXNativeTarget "ImgDistort" */ = {
			isa = XCConfigurationList;
			buildConfigurations = (
				EAB3478C232F87AE00A47759 /* Debug */,
				EAB3478D232F87AE00A47759 /* Release */,
			);
			defaultConfigurationIsVisible = 0;
			defaultConfigurationName = Release;
		};
/* End XCConfigurationList section */
	};
	rootObject = EAB34778232F87AE00A47759 /* Project object */;
}
